
Microsoft Visual Studio Solution File, Format Version 12.00
# Visual Studio 15
VisualStudioVersion = 15.0.26730.16
MinimumVisualStudioVersion = 10.0.40219.1
Project("{FAE04EC0-301F-11D3-BF4B-00C04F79EFBC}") = "CrossingRiverBFS", "CrossingRiverBFS\CrossingRiverBFS.csproj", "{6545B900-16C2-4497-8FC2-E8C7EE658399}"
EndProject
Global
	GlobalSection(SolutionConfigurationPlatforms) = preSolution
		Debug|Any CPU = Debug|Any CPU
		Release|Any CPU = Release|Any CPU
	EndGlobalSection
	GlobalSection(ProjectConfigurationPlatforms) = postSolution
		{6545B900-16C2-4497-8FC2-E8C7EE658399}.Debug|Any CPU.ActiveCfg = Debug|Any CPU
		{6545B900-16C2-4497-8FC2-E8C7EE658399}.Debug|Any CPU.Build.0 = Debug|Any CPU
		{6545B900-16C2-4497-8FC2-E8C7EE658399}.Release|Any CPU.ActiveCfg = Release|Any CPU
		{6545B900-16C2-4497-8FC2-E8C7EE658399}.Release|Any CPU.Build.0 = Release|Any CPU
	EndGlobalSection
	GlobalSection(SolutionProperties) = preSolution
		HideSolutionNode = FALSE
	EndGlobalSection
	GlobalSection(ExtensibilityGlobals) = postSolution
		SolutionGuid = {C1490986-DB42-4EC8-981A-2689A0ED64D6}
	EndGlobalSection
EndGlobal
